// !$*UTF8*$!
{
	archiveVersion = 1;
	classes = {
	};
	objectVersion = 55;
	objects = {

/* Begin PBXBuildFile section */
		0D2F3FA327DEB5BD00C94DB2 /* AppDelegate.swift in Sources */ = {isa = PBXBuildFile; fileRef = 0D2F3FA227DEB5BD00C94DB2 /* AppDelegate.swift */; };
		0D2F3FA527DEB5BD00C94DB2 /* SceneDelegate.swift in Sources */ = {isa = PBXBuildFile; fileRef = 0D2F3FA427DEB5BD00C94DB2 /* SceneDelegate.swift */; };
		0D2F3FA727DEB5BD00C94DB2 /* ViewController.swift in Sources */ = {isa = PBXBuildFile; fileRef = 0D2F3FA627DEB5BD00C94DB2 /* ViewController.swift */; };
		0D2F3FAA27DEB5BD00C94DB2 /* Main.storyboard in Resources */ = {isa = PBXBuildFile; fileRef = 0D2F3FA827DEB5BD00C94DB2 /* Main.storyboard */; };
		0D2F3FAC27DEB5BE00C94DB2 /* Assets.xcassets in Resources */ = {isa = PBXBuildFile; fileRef = 0D2F3FAB27DEB5BE00C94DB2 /* Assets.xcassets */; };
		0D2F3FAF27DEB5BE00C94DB2 /* LaunchScreen.storyboard in Resources */ = {isa = PBXBuildFile; fileRef = 0D2F3FAD27DEB5BE00C94DB2 /* LaunchScreen.storyboard */; };
		C61D58947D1F54ECCC5E7A57 /* Pods_rxSwift.framework in Frameworks */ = {isa = PBXBuildFile; fileRef = A33730E650DED497AB34FAC4 /* Pods_rxSwift.framework */; };
/* End PBXBuildFile section */

/* Begin PBXFileReference section */
		0D2F3F9F27DEB5BD00C94DB2 /* rxSwift.app */ = {isa = PBXFileReference; explicitFileType = wrapper.application; includeInIndex = 0; path = rxSwift.app; sourceTree = BUILT_PRODUCTS_DIR; };
		0D2F3FA227DEB5BD00C94DB2 /* AppDelegate.swift */ = {isa = PBXFileReference; lastKnownFileType = sourcecode.swift; path = AppDelegate.swift; sourceTree = "<group>"; };
		0D2F3FA427DEB5BD00C94DB2 /* SceneDelegate.swift */ = {isa = PBXFileReference; lastKnownFileType = sourcecode.swift; path = SceneDelegate.swift; sourceTree = "<group>"; };
		0D2F3FA627DEB5BD00C94DB2 /* ViewController.swift */ = {isa = PBXFileReference; lastKnownFileType = sourcecode.swift; path = ViewController.swift; sourceTree = "<group>"; };
		0D2F3FA927DEB5BD00C94DB2 /* Base */ = {isa = PBXFileReference; lastKnownFileType = file.storyboard; name = Base; path = Base.lproj/Main.storyboard; sourceTree = "<group>"; };
		0D2F3FAB27DEB5BE00C94DB2 /* Assets.xcassets */ = {isa = PBXFileReference; lastKnownFileType = folder.assetcatalog; path = Assets.xcassets; sourceTree = "<group>"; };
		0D2F3FAE27DEB5BE00C94DB2 /* Base */ = {isa = PBXFileReference; lastKnownFileType = file.storyboard; name = Base; path = Base.lproj/LaunchScreen.storyboard; sourceTree = "<group>"; };
		0D2F3FB027DEB5BE00C94DB2 /* Info.plist */ = {isa = PBXFileReference; lastKnownFileType = text.plist.xml; path = Info.plist; sourceTree = "<group>"; };
		A33730E650DED497AB34FAC4 /* Pods_rxSwift.framework */ = {isa = PBXFileReference; explicitFileType = wrapper.framework; includeInIndex = 0; path = Pods_rxSwift.framework; sourceTree = BUILT_PRODUCTS_DIR; };
		B5DC071263483A0B6A95B61D /* Pods-rxSwift.release.xcconfig */ = {isa = PBXFileReference; includeInIndex = 1; lastKnownFileType = text.xcconfig; name = "Pods-rxSwift.release.xcconfig"; path = "Target Support Files/Pods-rxSwift/Pods-rxSwift.release.xcconfig"; sourceTree = "<group>"; };
		FA0BBBB4EB1130B98173341B /* Pods-rxSwift.debug.xcconfig */ = {isa = PBXFileReference; includeInIndex = 1; lastKnownFileType = text.xcconfig; name = "Pods-rxSwift.debug.xcconfig"; path = "Target Support Files/Pods-rxSwift/Pods-rxSwift.debug.xcconfig"; sourceTree = "<group>"; };
/* End PBXFileReference section */

/* Begin PBXFrameworksBuildPhase section */
		0D2F3F9C27DEB5BD00C94DB2 /* Frameworks */ = {
			isa = PBXFrameworksBuildPhase;
			buildActionMask = 2147483647;
			files = (
				C61D58947D1F54ECCC5E7A57 /* Pods_rxSwift.framework in Frameworks */,
			);
			runOnlyForDeploymentPostprocessing = 0;
		};
/* End PBXFrameworksBuildPhase section */

/* Begin PBXGroup section */
		0D2F3F9627DEB5BD00C94DB2 = {
			isa = PBXGroup;
			children = (
				0D2F3FA127DEB5BD00C94DB2 /* rxSwift */,
				0D2F3FA027DEB5BD00C94DB2 /* Products */,
				D669A9FB0942CC0E3BFA383B /* Pods */,
				F69CC824E0B86D3FA03D7D02 /* Frameworks */,
			);
			sourceTree = "<group>";
		};
		0D2F3FA027DEB5BD00C94DB2 /* Products */ = {
			isa = PBXGroup;
			children = (
				0D2F3F9F27DEB5BD00C94DB2 /* rxSwift.app */,
			);
			name = Products;
			sourceTree = "<group>";
		};
		0D2F3FA127DEB5BD00C94DB2 /* rxSwift */ = {
			isa = PBXGroup;
			children = (
				0D2F3FA227DEB5BD00C94DB2 /* AppDelegate.swift */,
				0D2F3FA427DEB5BD00C94DB2 /* SceneDelegate.swift */,
				0D2F3FA627DEB5BD00C94DB2 /* ViewController.swift */,
				0D2F3FA827DEB5BD00C94DB2 /* Main.storyboard */,
				0D2F3FAB27DEB5BE00C94DB2 /* Assets.xcassets */,
				0D2F3FAD27DEB5BE00C94DB2 /* LaunchScreen.storyboard */,
				0D2F3FB027DEB5BE00C94DB2 /* Info.plist */,
			);
			path = rxSwift;
			sourceTree = "<group>";
		};
		D669A9FB0942CC0E3BFA383B /* Pods */ = {
			isa = PBXGroup;
			children = (
				FA0BBBB4EB1130B98173341B /* Pods-rxSwift.debug.xcconfig */,
				B5DC071263483A0B6A95B61D /* Pods-rxSwift.release.xcconfig */,
			);
			path = Pods;
			sourceTree = "<group>";
		};
		F69CC824E0B86D3FA03D7D02 /* Frameworks */ = {
			isa = PBXGroup;
			children = (
				A33730E650DED497AB34FAC4 /* Pods_rxSwift.framework */,
			);
			name = Frameworks;
			sourceTree = "<group>";
		};
/* End PBXGroup section */

/* Begin PBXNativeTarget section */
		0D2F3F9E27DEB5BD00C94DB2 /* rxSwift */ = {
			isa = PBXNativeTarget;
			buildConfigurationList = 0D2F3FB327DEB5BE00C94DB2 /* Build configuration list for PBXNativeTarget "rxSwift" */;
			buildPhases = (
				DEE60A0437563F0979E0E12F /* [CP] Check Pods Manifest.lock */,
				0D2F3F9B27DEB5BD00C94DB2 /* Sources */,
				0D2F3F9C27DEB5BD00C94DB2 /* Frameworks */,
				0D2F3F9D27DEB5BD00C94DB2 /* Resources */,
				66442EAECA40592CA8E5E54E /* [CP] Embed Pods Frameworks */,
			);
			buildRules = (
			);
			dependencies = (
			);
			name = rxSwift;
			productName = rxSwift;
			productReference = 0D2F3F9F27DEB5BD00C94DB2 /* rxSwift.app */;
			productType = "com.apple.product-type.application";
		};
/* End PBXNativeTarget section */

/* Begin PBXProject section */
		0D2F3F9727DEB5BD00C94DB2 /* Project object */ = {
			isa = PBXProject;
			attributes = {
				BuildIndependentTargetsInParallel = 1;
				LastSwiftUpdateCheck = 1310;
				LastUpgradeCheck = 1310;
				TargetAttributes = {
					0D2F3F9E27DEB5BD00C94DB2 = {
						CreatedOnToolsVersion = 13.1;
					};
				};
			};
			buildConfigurationList = 0D2F3F9A27DEB5BD00C94DB2 /* Build configuration list for PBXProject "rxSwift" */;
			compatibilityVersion = "Xcode 13.0";
			developmentRegion = en;
			hasScannedForEncodings = 0;
			knownRegions = (
				en,
				Base,
			);
			mainGroup = 0D2F3F9627DEB5BD00C94DB2;
			productRefGroup = 0D2F3FA027DEB5BD00C94DB2 /* Products */;
			projectDirPath = "";
			projectRoot = "";
			targets = (
				0D2F3F9E27DEB5BD00C94DB2 /* rxSwift */,
			);
		};
/* End PBXProject section */

/* Begin PBXResourcesBuildPhase section */
		0D2F3F9D27DEB5BD00C94DB2 /* Resources */ = {
			isa = PBXResourcesBuildPhase;
			buildActionMask = 2147483647;
			files = (
				0D2F3FAF27DEB5BE00C94DB2 /* LaunchScreen.storyboard in Resources */,
				0D2F3FAC27DEB5BE00C94DB2 /* Assets.xcassets in Resources */,
				0D2F3FAA27DEB5BD00C94DB2 /* Main.storyboard in Resources */,
			);
			runOnlyForDeploymentPostprocessing = 0;
		};
/* End PBXResourcesBuildPhase section */

/* Begin PBXShellScriptBuildPhase section */
		66442EAECA40592CA8E5E54E /* [CP] Embed Pods Frameworks */ = {
			isa = PBXShellScriptBuildPhase;
			buildActionMask = 2147483647;
			files = (
			);
			inputFileListPaths = (
				"${PODS_ROOT}/Target Support Files/Pods-rxSwift/Pods-rxSwift-frameworks-${CONFIGURATION}-input-files.xcfilelist",
			);
			name = "[CP] Embed Pods Frameworks";
			outputFileListPaths = (
				"${PODS_ROOT}/Target Support Files/Pods-rxSwift/Pods-rxSwift-frameworks-${CONFIGURATION}-output-files.xcfilelist",
			);
			runOnlyForDeploymentPostprocessing = 0;
			shellPath = /bin/sh;
			shellScript = "\"${PODS_ROOT}/Target Support Files/Pods-rxSwift/Pods-rxSwift-frameworks.sh\"\n";
			showEnvVarsInLog = 0;
		};
		DEE60A0437563F0979E0E12F /* [CP] Check Pods Manifest.lock */ = {
			isa = PBXShellScriptBuildPhase;
			buildActionMask = 2147483647;
			files = (
			);
			inputFileListPaths = (
			);
			inputPaths = (
				"${PODS_PODFILE_DIR_PATH}/Podfile.lock",
				"${PODS_ROOT}/Manifest.lock",
			);
			name = "[CP] Check Pods Manifest.lock";
			outputFileListPaths = (
			);
			outputPaths = (
				"$(DERIVED_FILE_DIR)/Pods-rxSwift-checkManifestLockResult.txt",
			);
			runOnlyForDeploymentPostprocessing = 0;
			shellPath = /bin/sh;
			shellScript = "diff \"${PODS_PODFILE_DIR_PATH}/Podfile.lock\" \"${PODS_ROOT}/Manifest.lock\" > /dev/null\nif [ $? != 0 ] ; then\n    # print error to STDERR\n    echo \"error: The sandbox is not in sync with the Podfile.lock. Run 'pod install' or update your CocoaPods installation.\" >&2\n    exit 1\nfi\n# This output is used by Xcode 'outputs' to avoid re-running this script phase.\necho \"SUCCESS\" > \"${SCRIPT_OUTPUT_FILE_0}\"\n";
			showEnvVarsInLog = 0;
		};
/* End PBXShellScriptBuildPhase section */

/* Begin PBXSourcesBuildPhase section */
		0D2F3F9B27DEB5BD00C94DB2 /* Sources */ = {
			isa = PBXSourcesBuildPhase;
			buildActionMask = 2147483647;
			files = (
				0D2F3FA727DEB5BD00C94DB2 /* ViewController.swift in Sources */,
				0D2F3FA327DEB5BD00C94DB2 /* AppDelegate.swift in Sources */,
				0D2F3FA527DEB5BD00C94DB2 /* SceneDelegate.swift in Sources */,
			);
			runOnlyForDeploymentPostprocessing = 0;
		};
/* End PBXSourcesBuildPhase section */

/* Begin PBXVariantGroup section */
		0D2F3FA827DEB5BD00C94DB2 /* Main.storyboard */ = {
			isa = PBXVariantGroup;
			children = (
				0D2F3FA927DEB5BD00C94DB2 /* Base */,
			);
			name = Main.storyboard;
			sourceTree = "<group>";
		};
		0D2F3FAD27DEB5BE00C94DB2 /* LaunchScreen.storyboard */ = {
			isa = PBXVariantGroup;
			children = (
				0D2F3FAE27DEB5BE00C94DB2 /* Base */,
			);
			name = LaunchScreen.storyboard;
			sourceTree = "<group>";
		};
/* End PBXVariantGroup section */

/* Begin XCBuildConfiguration section */
		0D2F3FB127DEB5BE00C94DB2 /* Debug */ = {
			isa = XCBuildConfiguration;
			buildSettings = {
				ALWAYS_SEARCH_USER_PATHS = NO;
				CLANG_ANALYZER_NONNULL = YES;
				CLANG_ANALYZER_NUMBER_OBJECT_CONVERSION = YES_AGGRESSIVE;
				CLANG_CXX_LANGUAGE_STANDARD = "gnu++17";
				CLANG_CXX_LIBRARY = "libc++";
				CLANG_ENABLE_MODULES = YES;
				CLANG_ENABLE_OBJC_ARC = YES;
				CLANG_ENABLE_OBJC_WEAK = YES;
				CLANG_WARN_BLOCK_CAPTURE_AUTORELEASING = YES;
				CLANG_WARN_BOOL_CONVERSION = YES;
				CLANG_WARN_COMMA = YES;
				CLANG_WARN_CONSTANT_CONVERSION = YES;
				CLANG_WARN_DEPRECATED_OBJC_IMPLEMENTATIONS = YES;
				CLANG_WARN_DIRECT_OBJC_ISA_USAGE = YES_ERROR;
				CLANG_WARN_DOCUMENTATION_COMMENTS = YES;
				CLANG_WARN_EMPTY_BODY = YES;
				CLANG_WARN_ENUM_CONVERSION = YES;
				CLANG_WARN_INFINITE_RECURSION = YES;
				CLANG_WARN_INT_CONVERSION = YES;
				CLANG_WARN_NON_LITERAL_NULL_CONVERSION = YES;
				CLANG_WARN_OBJC_IMPLICIT_RETAIN_SELF = YES;
				CLANG_WARN_OBJC_LITERAL_CONVERSION = YES;
				CLANG_WARN_OBJC_ROOT_CLASS = YES_ERROR;
				CLANG_WARN_QUOTED_INCLUDE_IN_FRAMEWORK_HEADER = YES;
				CLANG_WARN_RANGE_LOOP_ANALYSIS = YES;
				CLANG_WARN_STRICT_PROTOTYPES = YES;
				CLANG_WARN_SUSPICIOUS_MOVE = YES;
				CLANG_WARN_UNGUARDED_AVAILABILITY = YES_AGGRESSIVE;
				CLANG_WARN_UNREACHABLE_CODE = YES;
				CLANG_WARN__DUPLICATE_METHOD_MATCH = YES;
				COPY_PHASE_STRIP = NO;
				DEBUG_INFORMATION_FORMAT = dwarf;
				ENABLE_STRICT_OBJC_MSGSEND = YES;
				ENABLE_TESTABILITY = YES;
				GCC_C_LANGUAGE_STANDARD = gnu11;
				GCC_DYNAMIC_NO_PIC = NO;
				GCC_NO_COMMON_BLOCKS = YES;
				GCC_OPTIMIZATION_LEVEL = 0;
				GCC_PREPROCESSOR_DEFINITIONS = (
					"DEBUG=1",
					"$(inherited)",
				);
				GCC_WARN_64_TO_32_BIT_CONVERSION = YES;
				GCC_WARN_ABOUT_RETURN_TYPE = YES_ERROR;
				GCC_WARN_UNDECLARED_SELECTOR = YES;
				GCC_WARN_UNINITIALIZED_AUTOS = YES_AGGRESSIVE;
				GCC_WARN_UNUSED_FUNCTION = YES;
				GCC_WARN_UNUSED_VARIABLE = YES;
				IPHONEOS_DEPLOYMENT_TARGET = 15.0;
				MTL_ENABLE_DEBUG_INFO = INCLUDE_SOURCE;
				MTL_FAST_MATH = YES;
				ONLY_ACTIVE_ARCH = YES;
				SDKROOT = iphoneos;
				SWIFT_ACTIVE_COMPILATION_CONDITIONS = DEBUG;
				SWIFT_OPTIMIZATION_LEVEL = "-Onone";
			};
			name = Debug;
		};
		0D2F3FB227DEB5BE00C94DB2 /* Release */ = {
			isa = XCBuildConfiguration;
			buildSettings = {
				ALWAYS_SEARCH_USER_PATHS = NO;
				CLANG_ANALYZER_NONNULL = YES;
				CLANG_ANALYZER_NUMBER_OBJECT_CONVERSION = YES_AGGRESSIVE;
				CLANG_CXX_LANGUAGE_STANDARD = "gnu++17";
				CLANG_CXX_LIBRARY = "libc++";
				CLANG_ENABLE_MODULES = YES;
				CLANG_ENABLE_OBJC_ARC = YES;
				CLANG_ENABLE_OBJC_WEAK = YES;
				CLANG_WARN_BLOCK_CAPTURE_AUTORELEASING = YES;
				CLANG_WARN_BOOL_CONVERSION = YES;
				CLANG_WARN_COMMA = YES;
				CLANG_WARN_CONSTANT_CONVERSION = YES;
				CLANG_WARN_DEPRECATED_OBJC_IMPLEMENTATIONS = YES;
				CLANG_WARN_DIRECT_OBJC_ISA_USAGE = YES_ERROR;
				CLANG_WARN_DOCUMENTATION_COMMENTS = YES;
				CLANG_WARN_EMPTY_BODY = YES;
				CLANG_WARN_ENUM_CONVERSION = YES;
				CLANG_WARN_INFINITE_RECURSION = YES;
				CLANG_WARN_INT_CONVERSION = YES;
				CLANG_WARN_NON_LITERAL_NULL_CONVERSION = YES;
				CLANG_WARN_OBJC_IMPLICIT_RETAIN_SELF = YES;
				CLANG_WARN_OBJC_LITERAL_CONVERSION = YES;
				CLANG_WARN_OBJC_ROOT_CLASS = YES_ERROR;
				CLANG_WARN_QUOTED_INCLUDE_IN_FRAMEWORK_HEADER = YES;
				CLANG_WARN_RANGE_LOOP_ANALYSIS = YES;
				CLANG_WARN_STRICT_PROTOTYPES = YES;
				CLANG_WARN_SUSPICIOUS_MOVE = YES;
				CLANG_WARN_UNGUARDED_AVAILABILITY = YES_AGGRESSIVE;
				CLANG_WARN_UNREACHABLE_CODE = YES;
				CLANG_WARN__DUPLICATE_METHOD_MATCH = YES;
				COPY_PHASE_STRIP = NO;
				DEBUG_INFORMATION_FORMAT = "dwarf-with-dsym";
				ENABLE_NS_ASSERTIONS = NO;
				ENABLE_STRICT_OBJC_MSGSEND = YES;
				GCC_C_LANGUAGE_STANDARD = gnu11;
				GCC_NO_COMMON_BLOCKS = YES;
				GCC_WARN_64_TO_32_BIT_CONVERSION = YES;
				GCC_WARN_ABOUT_RETURN_TYPE = YES_ERROR;
				GCC_WARN_UNDECLARED_SELECTOR = YES;
				GCC_WARN_UNINITIALIZED_AUTOS = YES_AGGRESSIVE;
				GCC_WARN_UNUSED_FUNCTION = YES;
				GCC_WARN_UNUSED_VARIABLE = YES;
				IPHONEOS_DEPLOYMENT_TARGET = 15.0;
				MTL_ENABLE_DEBUG_INFO = NO;
				MTL_FAST_MATH = YES;
				SDKROOT = iphoneos;
				SWIFT_COMPILATION_MODE = wholemodule;
				SWIFT_OPTIMIZATION_LEVEL = "-O";
				VALIDATE_PRODUCT = YES;
			};
			name = Release;
		};
		0D2F3FB427DEB5BE00C94DB2 /* Debug */ = {
			isa = XCBuildConfiguration;
			baseConfigurationReference = FA0BBBB4EB1130B98173341B /* Pods-rxSwift.debug.xcconfig */;
			buildSettings = {
				ASSETCATALOG_COMPILER_APPICON_NAME = AppIcon;
				ASSETCATALOG_COMPILER_GLOBAL_ACCENT_COLOR_NAME = AccentColor;
				CODE_SIGN_STYLE = Automatic;
				CURRENT_PROJECT_VERSION = 1;
				DEVELOPMENT_TEAM = 5L2PGYP5GB;
				GENERATE_INFOPLIST_FILE = YES;
				INFOPLIST_FILE = rxSwift/Info.plist;
				INFOPLIST_KEY_UIApplicationSupportsIndirectInputEvents = YES;
				INFOPLIST_KEY_UILaunchStoryboardName = LaunchScreen;
				INFOPLIST_KEY_UIMainStoryboardFile = Main;
				INFOPLIST_KEY_UISupportedInterfaceOrientations_iPad = "UIInterfaceOrientationPortrait UIInterfaceOrientationPortraitUpsideDown UIInterfaceOrientationLandscapeLeft UIInterfaceOrientationLandscapeRight";
				INFOPLIST_KEY_UISupportedInterfaceOrientations_iPhone = "UIInterfaceOrientationPortrait UIInterfaceOrientationLandscapeLeft UIInterfaceOrientationLandscapeRight";
				LD_RUNPATH_SEARCH_PATHS = (
					"$(inherited)",
					"@executable_path/Frameworks",
				);
				MARKETING_VERSION = 1.0;
				PRODUCT_BUNDLE_IDENTIFIER = com.james.rxSwift;
				PRODUCT_NAME = "$(TARGET_NAME)";
				SWIFT_EMIT_LOC_STRINGS = YES;
				SWIFT_VERSION = 5.0;
				TARGETED_DEVICE_FAMILY = "1,2";
			};
			name = Debug;
		};
		0D2F3FB527DEB5BE00C94DB2 /* Release */ = {
			isa = XCBuildConfiguration;
			baseConfigurationReference = B5DC071263483A0B6A95B61D /* Pods-rxSwift.release.xcconfig */;
			buildSettings = {
				ASSETCATALOG_COMPILER_APPICON_NAME = AppIcon;
				ASSETCATALOG_COMPILER_GLOBAL_ACCENT_COLOR_NAME = AccentColor;
				CODE_SIGN_STYLE = Automatic;
				CURRENT_PROJECT_VERSION = 1;
				DEVELOPMENT_TEAM = 5L2PGYP5GB;
				GENERATE_INFOPLIST_FILE = YES;
				INFOPLIST_FILE = rxSwift/Info.plist;
				INFOPLIST_KEY_UIApplicationSupportsIndirectInputEvents = YES;
				INFOPLIST_KEY_UILaunchStoryboardName = LaunchScreen;
				INFOPLIST_KEY_UIMainStoryboardFile = Main;
				INFOPLIST_KEY_UISupportedInterfaceOrientations_iPad = "UIInterfaceOrientationPortrait UIInterfaceOrientationPortraitUpsideDown UIInterfaceOrientationLandscapeLeft UIInterfaceOrientationLandscapeRight";
				INFOPLIST_KEY_UISupportedInterfaceOrientations_iPhone = "UIInterfaceOrientationPortrait UIInterfaceOrientationLandscapeLeft UIInterfaceOrientationLandscapeRight";
				LD_RUNPATH_SEARCH_PATHS = (
					"$(inherited)",
					"@executable_path/Frameworks",
				);
				MARKETING_VERSION = 1.0;
				PRODUCT_BUNDLE_IDENTIFIER = com.james.rxSwift;
				PRODUCT_NAME = "$(TARGET_NAME)";
				SWIFT_EMIT_LOC_STRINGS = YES;
				SWIFT_VERSION = 5.0;
				TARGETED_DEVICE_FAMILY = "1,2";
			};
			name = Release;
		};
/* End XCBuildConfiguration section */

/* Begin XCConfigurationList section */
		0D2F3F9A27DEB5BD00C94DB2 /* Build configuration list for PBXProject "rxSwift" */ = {
			isa = XCConfigurationList;
			buildConfigurations = (
				0D2F3FB127DEB5BE00C94DB2 /* Debug */,
				0D2F3FB227DEB5BE00C94DB2 /* Release */,
			);
			defaultConfigurationIsVisible = 0;
			defaultConfigurationName = Release;
		};
		0D2F3FB327DEB5BE00C94DB2 /* Build configuration list for PBXNativeTarget "rxSwift" */ = {
			isa = XCConfigurationList;
			buildConfigurations = (
				0D2F3FB427DEB5BE00C94DB2 /* Debug */,
				0D2F3FB527DEB5BE00C94DB2 /* Release */,
			);
			defaultConfigurationIsVisible = 0;
			defaultConfigurationName = Release;
		};
/* End XCConfigurationList section */
	};
	rootObject = 0D2F3F9727DEB5BD00C94DB2 /* Project object */;
}
